
Microsoft Visual Studio Solution File, Format Version 12.00
# Visual Studio Version 17
VisualStudioVersion = 17.6.33801.468
MinimumVisualStudioVersion = 10.0.40219.1
Project("{FAE04EC0-301F-11D3-BF4B-00C04F79EFBC}") = "PrimeiroProblemaURI", "PrimeiroProblemaURI\PrimeiroProblemaURI.csproj", "{58005BC6-28C5-4DAD-8AB0-29742F9C5BEB}"
EndProject
Global
	GlobalSection(SolutionConfigurationPlatforms) = preSolution
		Debug|Any CPU = Debug|Any CPU
		Release|Any CPU = Release|Any CPU
	EndGlobalSection
	GlobalSection(ProjectConfigurationPlatforms) = postSolution
		{58005BC6-28C5-4DAD-8AB0-29742F9C5BEB}.Debug|Any CPU.ActiveCfg = Debug|Any CPU
		{58005BC6-28C5-4DAD-8AB0-29742F9C5BEB}.Debug|Any CPU.Build.0 = Debug|Any CPU
		{58005BC6-28C5-4DAD-8AB0-29742F9C5BEB}.Release|Any CPU.ActiveCfg = Release|Any CPU
		{58005BC6-28C5-4DAD-8AB0-29742F9C5BEB}.Release|Any CPU.Build.0 = Release|Any CPU
	EndGlobalSection
	GlobalSection(SolutionProperties) = preSolution
		HideSolutionNode = FALSE
	EndGlobalSection
	GlobalSection(ExtensibilityGlobals) = postSolution
		SolutionGuid = {1FD7B782-4135-4DF2-B02F-E5DF5CC50C35}
	EndGlobalSection
EndGlobal
