
Microsoft Visual Studio Solution File, Format Version 12.00
# Visual Studio Version 17
VisualStudioVersion = 17.6.33801.468
MinimumVisualStudioVersion = 10.0.40219.1
Project("{FAE04EC0-301F-11D3-BF4B-00C04F79EFBC}") = "AreaPerimetroDiagonal", "AreaPerimetroDiagonal\AreaPerimetroDiagonal.csproj", "{AC75F56A-F449-4330-AE00-FDCA8FBB9DE8}"
EndProject
Global
	GlobalSection(SolutionConfigurationPlatforms) = preSolution
		Debug|Any CPU = Debug|Any CPU
		Release|Any CPU = Release|Any CPU
	EndGlobalSection
	GlobalSection(ProjectConfigurationPlatforms) = postSolution
		{AC75F56A-F449-4330-AE00-FDCA8FBB9DE8}.Debug|Any CPU.ActiveCfg = Debug|Any CPU
		{AC75F56A-F449-4330-AE00-FDCA8FBB9DE8}.Debug|Any CPU.Build.0 = Debug|Any CPU
		{AC75F56A-F449-4330-AE00-FDCA8FBB9DE8}.Release|Any CPU.ActiveCfg = Release|Any CPU
		{AC75F56A-F449-4330-AE00-FDCA8FBB9DE8}.Release|Any CPU.Build.0 = Release|Any CPU
	EndGlobalSection
	GlobalSection(SolutionProperties) = preSolution
		HideSolutionNode = FALSE
	EndGlobalSection
	GlobalSection(ExtensibilityGlobals) = postSolution
		SolutionGuid = {A4C7BCB8-3B76-4AF1-8CA1-AA805FE58675}
	EndGlobalSection
EndGlobal
