
Microsoft Visual Studio Solution File, Format Version 12.00
# Visual Studio Version 17
VisualStudioVersion = 17.6.33801.468
MinimumVisualStudioVersion = 10.0.40219.1
Project("{FAE04EC0-301F-11D3-BF4B-00C04F79EFBC}") = "URI1006", "URI1006\URI1006.csproj", "{F81F6AD5-2F57-4313-A858-830372D58D04}"
EndProject
Global
	GlobalSection(SolutionConfigurationPlatforms) = preSolution
		Debug|Any CPU = Debug|Any CPU
		Release|Any CPU = Release|Any CPU
	EndGlobalSection
	GlobalSection(ProjectConfigurationPlatforms) = postSolution
		{F81F6AD5-2F57-4313-A858-830372D58D04}.Debug|Any CPU.ActiveCfg = Debug|Any CPU
		{F81F6AD5-2F57-4313-A858-830372D58D04}.Debug|Any CPU.Build.0 = Debug|Any CPU
		{F81F6AD5-2F57-4313-A858-830372D58D04}.Release|Any CPU.ActiveCfg = Release|Any CPU
		{F81F6AD5-2F57-4313-A858-830372D58D04}.Release|Any CPU.Build.0 = Release|Any CPU
	EndGlobalSection
	GlobalSection(SolutionProperties) = preSolution
		HideSolutionNode = FALSE
	EndGlobalSection
	GlobalSection(ExtensibilityGlobals) = postSolution
		SolutionGuid = {ADE66C8B-B25F-4436-A18D-E53C9F99458F}
	EndGlobalSection
EndGlobal
