
Microsoft Visual Studio Solution File, Format Version 12.00
# Visual Studio Version 17
VisualStudioVersion = 17.6.33801.468
MinimumVisualStudioVersion = 10.0.40219.1
Project("{FAE04EC0-301F-11D3-BF4B-00C04F79EFBC}") = "URI1020", "URI1020\URI1020.csproj", "{E08872A2-85D6-413E-9EC9-3BC52C549BA1}"
EndProject
Global
	GlobalSection(SolutionConfigurationPlatforms) = preSolution
		Debug|Any CPU = Debug|Any CPU
		Release|Any CPU = Release|Any CPU
	EndGlobalSection
	GlobalSection(ProjectConfigurationPlatforms) = postSolution
		{E08872A2-85D6-413E-9EC9-3BC52C549BA1}.Debug|Any CPU.ActiveCfg = Debug|Any CPU
		{E08872A2-85D6-413E-9EC9-3BC52C549BA1}.Debug|Any CPU.Build.0 = Debug|Any CPU
		{E08872A2-85D6-413E-9EC9-3BC52C549BA1}.Release|Any CPU.ActiveCfg = Release|Any CPU
		{E08872A2-85D6-413E-9EC9-3BC52C549BA1}.Release|Any CPU.Build.0 = Release|Any CPU
	EndGlobalSection
	GlobalSection(SolutionProperties) = preSolution
		HideSolutionNode = FALSE
	EndGlobalSection
	GlobalSection(ExtensibilityGlobals) = postSolution
		SolutionGuid = {6303763E-9D3E-40E6-A775-86C0525CF29F}
	EndGlobalSection
EndGlobal
